
Microsoft Visual Studio Solution File, Format Version 12.00
# Visual Studio 2013
VisualStudioVersion = 12.0.30501.0
MinimumVisualStudioVersion = 10.0.40219.1
Project("{FAE04EC0-301F-11D3-BF4B-00C04F79EFBC}") = "MapKinectApp", "MapKinectApp\MapKinectApp.csproj", "{242E3DCA-4F72-4E4E-9F97-2D828F2D4ECF}"
EndProject
Global
	GlobalSection(SolutionConfigurationPlatforms) = preSolution
		Debug|Any CPU = Debug|Any CPU
		Release|Any CPU = Release|Any CPU
	EndGlobalSection
	GlobalSection(ProjectConfigurationPlatforms) = postSolution
		{242E3DCA-4F72-4E4E-9F97-2D828F2D4ECF}.Debug|Any CPU.ActiveCfg = Debug|Any CPU
		{242E3DCA-4F72-4E4E-9F97-2D828F2D4ECF}.Debug|Any CPU.Build.0 = Debug|Any CPU
		{242E3DCA-4F72-4E4E-9F97-2D828F2D4ECF}.Release|Any CPU.ActiveCfg = Release|Any CPU
		{242E3DCA-4F72-4E4E-9F97-2D828F2D4ECF}.Release|Any CPU.Build.0 = Release|Any CPU
	EndGlobalSection
	GlobalSection(SolutionProperties) = preSolution
		HideSolutionNode = FALSE
	EndGlobalSection
EndGlobal
